
Microsoft Visual Studio Solution File, Format Version 12.00
# Visual Studio Version 17
VisualStudioVersion = 17.3.32825.248
MinimumVisualStudioVersion = 10.0.40219.1
Project("{FAE04EC0-301F-11D3-BF4B-00C04F79EFBC}") = "Boomwhackers", "Boomwhackers\Boomwhackers.csproj", "{EEE55B8C-AA79-4C70-9F9C-292C5A9543C3}"
EndProject
Global
	GlobalSection(SolutionConfigurationPlatforms) = preSolution
		Debug|Any CPU = Debug|Any CPU
		Release|Any CPU = Release|Any CPU
	EndGlobalSection
	GlobalSection(ProjectConfigurationPlatforms) = postSolution
		{EEE55B8C-AA79-4C70-9F9C-292C5A9543C3}.Debug|Any CPU.ActiveCfg = Debug|Any CPU
		{EEE55B8C-AA79-4C70-9F9C-292C5A9543C3}.Debug|Any CPU.Build.0 = Debug|Any CPU
		{EEE55B8C-AA79-4C70-9F9C-292C5A9543C3}.Release|Any CPU.ActiveCfg = Release|Any CPU
		{EEE55B8C-AA79-4C70-9F9C-292C5A9543C3}.Release|Any CPU.Build.0 = Release|Any CPU
	EndGlobalSection
	GlobalSection(SolutionProperties) = preSolution
		HideSolutionNode = FALSE
	EndGlobalSection
	GlobalSection(ExtensibilityGlobals) = postSolution
		SolutionGuid = {508854BC-490D-41A9-A6BD-0C732ABA7ABA}
	EndGlobalSection
EndGlobal
